// !$*UTF8*$!
{
	archiveVersion = 1;
	classes = {
	};
	objectVersion = 50;
	objects = {

/* Begin PBXBuildFile section */
		744724B121A972440047E409 /* GameTypeViewModelCell.swift in Sources */ = {isa = PBXBuildFile; fileRef = 744724B021A972440047E409 /* GameTypeViewModelCell.swift */; };
		744724B621A979410047E409 /* GameTypeTableViewCell.swift in Sources */ = {isa = PBXBuildFile; fileRef = 744724B521A979410047E409 /* GameTypeTableViewCell.swift */; };
		7447B81521A6DD1B0007E18D /* AppDelegate.swift in Sources */ = {isa = PBXBuildFile; fileRef = 7447B81421A6DD1B0007E18D /* AppDelegate.swift */; };
		7447B81A21A6DD1B0007E18D /* Main.storyboard in Resources */ = {isa = PBXBuildFile; fileRef = 7447B81821A6DD1B0007E18D /* Main.storyboard */; };
		7447B81C21A6DD1C0007E18D /* Assets.xcassets in Resources */ = {isa = PBXBuildFile; fileRef = 7447B81B21A6DD1C0007E18D /* Assets.xcassets */; };
		7447B81F21A6DD1C0007E18D /* LaunchScreen.storyboard in Resources */ = {isa = PBXBuildFile; fileRef = 7447B81D21A6DD1C0007E18D /* LaunchScreen.storyboard */; };
		749DBC2C21A8188000290B39 /* SearchViewController.swift in Sources */ = {isa = PBXBuildFile; fileRef = 749DBC2B21A8188000290B39 /* SearchViewController.swift */; };
		749DBC2E21A818F700290B39 /* Networking.swift in Sources */ = {isa = PBXBuildFile; fileRef = 749DBC2D21A818F700290B39 /* Networking.swift */; };
		749DBC3021A8199600290B39 /* LichessAPI.swift in Sources */ = {isa = PBXBuildFile; fileRef = 749DBC2F21A8199600290B39 /* LichessAPI.swift */; };
		749DBC3221A81A1800290B39 /* EnpointType.swift in Sources */ = {isa = PBXBuildFile; fileRef = 749DBC3121A81A1800290B39 /* EnpointType.swift */; };
		749DBC3421A81B2F00290B39 /* User.swift in Sources */ = {isa = PBXBuildFile; fileRef = 749DBC3321A81B2F00290B39 /* User.swift */; };
		749DBC3621A81BEF00290B39 /* Response.swift in Sources */ = {isa = PBXBuildFile; fileRef = 749DBC3521A81BEF00290B39 /* Response.swift */; };
		749DBC3A21A81D5300290B39 /* Perfs.swift in Sources */ = {isa = PBXBuildFile; fileRef = 749DBC3921A81D5300290B39 /* Perfs.swift */; };
		749DBC3C21A81D7D00290B39 /* GameResults.swift in Sources */ = {isa = PBXBuildFile; fileRef = 749DBC3B21A81D7D00290B39 /* GameResults.swift */; };
/* End PBXBuildFile section */

/* Begin PBXFileReference section */
		744724B021A972440047E409 /* GameTypeViewModelCell.swift */ = {isa = PBXFileReference; lastKnownFileType = sourcecode.swift; path = GameTypeViewModelCell.swift; sourceTree = "<group>"; };
		744724B521A979410047E409 /* GameTypeTableViewCell.swift */ = {isa = PBXFileReference; fileEncoding = 4; lastKnownFileType = sourcecode.swift; path = GameTypeTableViewCell.swift; sourceTree = "<group>"; };
		7447B81121A6DD1B0007E18D /* Linfo.app */ = {isa = PBXFileReference; explicitFileType = wrapper.application; includeInIndex = 0; path = Linfo.app; sourceTree = BUILT_PRODUCTS_DIR; };
		7447B81421A6DD1B0007E18D /* AppDelegate.swift */ = {isa = PBXFileReference; lastKnownFileType = sourcecode.swift; path = AppDelegate.swift; sourceTree = "<group>"; };
		7447B81921A6DD1B0007E18D /* Base */ = {isa = PBXFileReference; lastKnownFileType = file.storyboard; name = Base; path = Base.lproj/Main.storyboard; sourceTree = "<group>"; };
		7447B81B21A6DD1C0007E18D /* Assets.xcassets */ = {isa = PBXFileReference; lastKnownFileType = folder.assetcatalog; path = Assets.xcassets; sourceTree = "<group>"; };
		7447B81E21A6DD1C0007E18D /* Base */ = {isa = PBXFileReference; lastKnownFileType = file.storyboard; name = Base; path = Base.lproj/LaunchScreen.storyboard; sourceTree = "<group>"; };
		7447B82021A6DD1C0007E18D /* Info.plist */ = {isa = PBXFileReference; lastKnownFileType = text.plist.xml; path = Info.plist; sourceTree = "<group>"; };
		749DBC2B21A8188000290B39 /* SearchViewController.swift */ = {isa = PBXFileReference; lastKnownFileType = sourcecode.swift; path = SearchViewController.swift; sourceTree = "<group>"; };
		749DBC2D21A818F700290B39 /* Networking.swift */ = {isa = PBXFileReference; lastKnownFileType = sourcecode.swift; path = Networking.swift; sourceTree = "<group>"; };
		749DBC2F21A8199600290B39 /* LichessAPI.swift */ = {isa = PBXFileReference; lastKnownFileType = sourcecode.swift; path = LichessAPI.swift; sourceTree = "<group>"; };
		749DBC3121A81A1800290B39 /* EnpointType.swift */ = {isa = PBXFileReference; lastKnownFileType = sourcecode.swift; path = EnpointType.swift; sourceTree = "<group>"; };
		749DBC3321A81B2F00290B39 /* User.swift */ = {isa = PBXFileReference; lastKnownFileType = sourcecode.swift; path = User.swift; sourceTree = "<group>"; };
		749DBC3521A81BEF00290B39 /* Response.swift */ = {isa = PBXFileReference; lastKnownFileType = sourcecode.swift; path = Response.swift; sourceTree = "<group>"; };
		749DBC3921A81D5300290B39 /* Perfs.swift */ = {isa = PBXFileReference; lastKnownFileType = sourcecode.swift; path = Perfs.swift; sourceTree = "<group>"; };
		749DBC3B21A81D7D00290B39 /* GameResults.swift */ = {isa = PBXFileReference; lastKnownFileType = sourcecode.swift; path = GameResults.swift; sourceTree = "<group>"; };
/* End PBXFileReference section */

/* Begin PBXFrameworksBuildPhase section */
		7447B80E21A6DD1B0007E18D /* Frameworks */ = {
			isa = PBXFrameworksBuildPhase;
			buildActionMask = 2147483647;
			files = (
			);
			runOnlyForDeploymentPostprocessing = 0;
		};
/* End PBXFrameworksBuildPhase section */

/* Begin PBXGroup section */
		744724B221A978E00047E409 /* View Model */ = {
			isa = PBXGroup;
			children = (
				744724B021A972440047E409 /* GameTypeViewModelCell.swift */,
			);
			path = "View Model";
			sourceTree = "<group>";
		};
		744724B421A978F90047E409 /* View */ = {
			isa = PBXGroup;
			children = (
				744724B521A979410047E409 /* GameTypeTableViewCell.swift */,
			);
			path = View;
			sourceTree = "<group>";
		};
		7447B80821A6DD1B0007E18D = {
			isa = PBXGroup;
			children = (
				7447B81321A6DD1B0007E18D /* Linfo */,
				7447B81221A6DD1B0007E18D /* Products */,
			);
			sourceTree = "<group>";
		};
		7447B81221A6DD1B0007E18D /* Products */ = {
			isa = PBXGroup;
			children = (
				7447B81121A6DD1B0007E18D /* Linfo.app */,
			);
			name = Products;
			sourceTree = "<group>";
		};
		7447B81321A6DD1B0007E18D /* Linfo */ = {
			isa = PBXGroup;
			children = (
				749DBC2B21A8188000290B39 /* SearchViewController.swift */,
				744724B421A978F90047E409 /* View */,
				749DBC3721A81C6700290B39 /* Networking */,
				749DBC3821A81C7000290B39 /* Model */,
				7447B81421A6DD1B0007E18D /* AppDelegate.swift */,
				7447B81821A6DD1B0007E18D /* Main.storyboard */,
				744724B221A978E00047E409 /* View Model */,
				7447B81B21A6DD1C0007E18D /* Assets.xcassets */,
				7447B81D21A6DD1C0007E18D /* LaunchScreen.storyboard */,
				7447B82021A6DD1C0007E18D /* Info.plist */,
			);
			path = Linfo;
			sourceTree = "<group>";
		};
		749DBC3721A81C6700290B39 /* Networking */ = {
			isa = PBXGroup;
			children = (
				749DBC2D21A818F700290B39 /* Networking.swift */,
				749DBC3521A81BEF00290B39 /* Response.swift */,
				749DBC2F21A8199600290B39 /* LichessAPI.swift */,
				749DBC3121A81A1800290B39 /* EnpointType.swift */,
			);
			path = Networking;
			sourceTree = "<group>";
		};
		749DBC3821A81C7000290B39 /* Model */ = {
			isa = PBXGroup;
			children = (
				749DBC3B21A81D7D00290B39 /* GameResults.swift */,
				749DBC3921A81D5300290B39 /* Perfs.swift */,
				749DBC3321A81B2F00290B39 /* User.swift */,
			);
			path = Model;
			sourceTree = "<group>";
		};
/* End PBXGroup section */

/* Begin PBXNativeTarget section */
		7447B81021A6DD1B0007E18D /* Linfo */ = {
			isa = PBXNativeTarget;
			buildConfigurationList = 7447B82321A6DD1C0007E18D /* Build configuration list for PBXNativeTarget "Linfo" */;
			buildPhases = (
				7447B80D21A6DD1B0007E18D /* Sources */,
				7447B80E21A6DD1B0007E18D /* Frameworks */,
				7447B80F21A6DD1B0007E18D /* Resources */,
			);
			buildRules = (
			);
			dependencies = (
			);
			name = Linfo;
			productName = Linfo;
			productReference = 7447B81121A6DD1B0007E18D /* Linfo.app */;
			productType = "com.apple.product-type.application";
		};
/* End PBXNativeTarget section */

/* Begin PBXProject section */
		7447B80921A6DD1B0007E18D /* Project object */ = {
			isa = PBXProject;
			attributes = {
				LastSwiftUpdateCheck = 1000;
				LastUpgradeCheck = 1000;
				ORGANIZATIONNAME = "Егор";
				TargetAttributes = {
					7447B81021A6DD1B0007E18D = {
						CreatedOnToolsVersion = 10.0;
					};
				};
			};
			buildConfigurationList = 7447B80C21A6DD1B0007E18D /* Build configuration list for PBXProject "Linfo" */;
			compatibilityVersion = "Xcode 9.3";
			developmentRegion = en;
			hasScannedForEncodings = 0;
			knownRegions = (
				en,
				Base,
			);
			mainGroup = 7447B80821A6DD1B0007E18D;
			productRefGroup = 7447B81221A6DD1B0007E18D /* Products */;
			projectDirPath = "";
			projectRoot = "";
			targets = (
				7447B81021A6DD1B0007E18D /* Linfo */,
			);
		};
/* End PBXProject section */

/* Begin PBXResourcesBuildPhase section */
		7447B80F21A6DD1B0007E18D /* Resources */ = {
			isa = PBXResourcesBuildPhase;
			buildActionMask = 2147483647;
			files = (
				7447B81F21A6DD1C0007E18D /* LaunchScreen.storyboard in Resources */,
				7447B81C21A6DD1C0007E18D /* Assets.xcassets in Resources */,
				7447B81A21A6DD1B0007E18D /* Main.storyboard in Resources */,
			);
			runOnlyForDeploymentPostprocessing = 0;
		};
/* End PBXResourcesBuildPhase section */

/* Begin PBXSourcesBuildPhase section */
		7447B80D21A6DD1B0007E18D /* Sources */ = {
			isa = PBXSourcesBuildPhase;
			buildActionMask = 2147483647;
			files = (
				749DBC3021A8199600290B39 /* LichessAPI.swift in Sources */,
				744724B621A979410047E409 /* GameTypeTableViewCell.swift in Sources */,
				749DBC3221A81A1800290B39 /* EnpointType.swift in Sources */,
				749DBC3621A81BEF00290B39 /* Response.swift in Sources */,
				744724B121A972440047E409 /* GameTypeViewModelCell.swift in Sources */,
				749DBC3421A81B2F00290B39 /* User.swift in Sources */,
				749DBC2E21A818F700290B39 /* Networking.swift in Sources */,
				749DBC2C21A8188000290B39 /* SearchViewController.swift in Sources */,
				749DBC3A21A81D5300290B39 /* Perfs.swift in Sources */,
				749DBC3C21A81D7D00290B39 /* GameResults.swift in Sources */,
				7447B81521A6DD1B0007E18D /* AppDelegate.swift in Sources */,
			);
			runOnlyForDeploymentPostprocessing = 0;
		};
/* End PBXSourcesBuildPhase section */

/* Begin PBXVariantGroup section */
		7447B81821A6DD1B0007E18D /* Main.storyboard */ = {
			isa = PBXVariantGroup;
			children = (
				7447B81921A6DD1B0007E18D /* Base */,
			);
			name = Main.storyboard;
			sourceTree = "<group>";
		};
		7447B81D21A6DD1C0007E18D /* LaunchScreen.storyboard */ = {
			isa = PBXVariantGroup;
			children = (
				7447B81E21A6DD1C0007E18D /* Base */,
			);
			name = LaunchScreen.storyboard;
			sourceTree = "<group>";
		};
/* End PBXVariantGroup section */

/* Begin XCBuildConfiguration section */
		7447B82121A6DD1C0007E18D /* Debug */ = {
			isa = XCBuildConfiguration;
			buildSettings = {
				ALWAYS_SEARCH_USER_PATHS = NO;
				CLANG_ANALYZER_NONNULL = YES;
				CLANG_ANALYZER_NUMBER_OBJECT_CONVERSION = YES_AGGRESSIVE;
				CLANG_CXX_LANGUAGE_STANDARD = "gnu++14";
				CLANG_CXX_LIBRARY = "libc++";
				CLANG_ENABLE_MODULES = YES;
				CLANG_ENABLE_OBJC_ARC = YES;
				CLANG_ENABLE_OBJC_WEAK = YES;
				CLANG_WARN_BLOCK_CAPTURE_AUTORELEASING = YES;
				CLANG_WARN_BOOL_CONVERSION = YES;
				CLANG_WARN_COMMA = YES;
				CLANG_WARN_CONSTANT_CONVERSION = YES;
				CLANG_WARN_DEPRECATED_OBJC_IMPLEMENTATIONS = YES;
				CLANG_WARN_DIRECT_OBJC_ISA_USAGE = YES_ERROR;
				CLANG_WARN_DOCUMENTATION_COMMENTS = YES;
				CLANG_WARN_EMPTY_BODY = YES;
				CLANG_WARN_ENUM_CONVERSION = YES;
				CLANG_WARN_INFINITE_RECURSION = YES;
				CLANG_WARN_INT_CONVERSION = YES;
				CLANG_WARN_NON_LITERAL_NULL_CONVERSION = YES;
				CLANG_WARN_OBJC_IMPLICIT_RETAIN_SELF = YES;
				CLANG_WARN_OBJC_LITERAL_CONVERSION = YES;
				CLANG_WARN_OBJC_ROOT_CLASS = YES_ERROR;
				CLANG_WARN_RANGE_LOOP_ANALYSIS = YES;
				CLANG_WARN_STRICT_PROTOTYPES = YES;
				CLANG_WARN_SUSPICIOUS_MOVE = YES;
				CLANG_WARN_UNGUARDED_AVAILABILITY = YES_AGGRESSIVE;
				CLANG_WARN_UNREACHABLE_CODE = YES;
				CLANG_WARN__DUPLICATE_METHOD_MATCH = YES;
				CODE_SIGN_IDENTITY = "iPhone Developer";
				COPY_PHASE_STRIP = NO;
				DEBUG_INFORMATION_FORMAT = dwarf;
				ENABLE_STRICT_OBJC_MSGSEND = YES;
				ENABLE_TESTABILITY = YES;
				GCC_C_LANGUAGE_STANDARD = gnu11;
				GCC_DYNAMIC_NO_PIC = NO;
				GCC_NO_COMMON_BLOCKS = YES;
				GCC_OPTIMIZATION_LEVEL = 0;
				GCC_PREPROCESSOR_DEFINITIONS = (
					"DEBUG=1",
					"$(inherited)",
				);
				GCC_WARN_64_TO_32_BIT_CONVERSION = YES;
				GCC_WARN_ABOUT_RETURN_TYPE = YES_ERROR;
				GCC_WARN_UNDECLARED_SELECTOR = YES;
				GCC_WARN_UNINITIALIZED_AUTOS = YES_AGGRESSIVE;
				GCC_WARN_UNUSED_FUNCTION = YES;
				GCC_WARN_UNUSED_VARIABLE = YES;
				IPHONEOS_DEPLOYMENT_TARGET = 12.0;
				MTL_ENABLE_DEBUG_INFO = INCLUDE_SOURCE;
				MTL_FAST_MATH = YES;
				ONLY_ACTIVE_ARCH = YES;
				SDKROOT = iphoneos;
				SWIFT_ACTIVE_COMPILATION_CONDITIONS = DEBUG;
				SWIFT_OPTIMIZATION_LEVEL = "-Onone";
			};
			name = Debug;
		};
		7447B82221A6DD1C0007E18D /* Release */ = {
			isa = XCBuildConfiguration;
			buildSettings = {
				ALWAYS_SEARCH_USER_PATHS = NO;
				CLANG_ANALYZER_NONNULL = YES;
				CLANG_ANALYZER_NUMBER_OBJECT_CONVERSION = YES_AGGRESSIVE;
				CLANG_CXX_LANGUAGE_STANDARD = "gnu++14";
				CLANG_CXX_LIBRARY = "libc++";
				CLANG_ENABLE_MODULES = YES;
				CLANG_ENABLE_OBJC_ARC = YES;
				CLANG_ENABLE_OBJC_WEAK = YES;
				CLANG_WARN_BLOCK_CAPTURE_AUTORELEASING = YES;
				CLANG_WARN_BOOL_CONVERSION = YES;
				CLANG_WARN_COMMA = YES;
				CLANG_WARN_CONSTANT_CONVERSION = YES;
				CLANG_WARN_DEPRECATED_OBJC_IMPLEMENTATIONS = YES;
				CLANG_WARN_DIRECT_OBJC_ISA_USAGE = YES_ERROR;
				CLANG_WARN_DOCUMENTATION_COMMENTS = YES;
				CLANG_WARN_EMPTY_BODY = YES;
				CLANG_WARN_ENUM_CONVERSION = YES;
				CLANG_WARN_INFINITE_RECURSION = YES;
				CLANG_WARN_INT_CONVERSION = YES;
				CLANG_WARN_NON_LITERAL_NULL_CONVERSION = YES;
				CLANG_WARN_OBJC_IMPLICIT_RETAIN_SELF = YES;
				CLANG_WARN_OBJC_LITERAL_CONVERSION = YES;
				CLANG_WARN_OBJC_ROOT_CLASS = YES_ERROR;
				CLANG_WARN_RANGE_LOOP_ANALYSIS = YES;
				CLANG_WARN_STRICT_PROTOTYPES = YES;
				CLANG_WARN_SUSPICIOUS_MOVE = YES;
				CLANG_WARN_UNGUARDED_AVAILABILITY = YES_AGGRESSIVE;
				CLANG_WARN_UNREACHABLE_CODE = YES;
				CLANG_WARN__DUPLICATE_METHOD_MATCH = YES;
				CODE_SIGN_IDENTITY = "iPhone Developer";
				COPY_PHASE_STRIP = NO;
				DEBUG_INFORMATION_FORMAT = "dwarf-with-dsym";
				ENABLE_NS_ASSERTIONS = NO;
				ENABLE_STRICT_OBJC_MSGSEND = YES;
				GCC_C_LANGUAGE_STANDARD = gnu11;
				GCC_NO_COMMON_BLOCKS = YES;
				GCC_WARN_64_TO_32_BIT_CONVERSION = YES;
				GCC_WARN_ABOUT_RETURN_TYPE = YES_ERROR;
				GCC_WARN_UNDECLARED_SELECTOR = YES;
				GCC_WARN_UNINITIALIZED_AUTOS = YES_AGGRESSIVE;
				GCC_WARN_UNUSED_FUNCTION = YES;
				GCC_WARN_UNUSED_VARIABLE = YES;
				IPHONEOS_DEPLOYMENT_TARGET = 12.0;
				MTL_ENABLE_DEBUG_INFO = NO;
				MTL_FAST_MATH = YES;
				SDKROOT = iphoneos;
				SWIFT_COMPILATION_MODE = wholemodule;
				SWIFT_OPTIMIZATION_LEVEL = "-O";
				VALIDATE_PRODUCT = YES;
			};
			name = Release;
		};
		7447B82421A6DD1C0007E18D /* Debug */ = {
			isa = XCBuildConfiguration;
			buildSettings = {
				ASSETCATALOG_COMPILER_APPICON_NAME = AppIcon;
				CODE_SIGN_STYLE = Automatic;
				DEVELOPMENT_TEAM = VS8C66WWGF;
				INFOPLIST_FILE = Linfo/Info.plist;
				LD_RUNPATH_SEARCH_PATHS = (
					"$(inherited)",
					"@executable_path/Frameworks",
				);
				PRODUCT_BUNDLE_IDENTIFIER = Qlink.Linfo;
				PRODUCT_NAME = "$(TARGET_NAME)";
				SWIFT_VERSION = 4.2;
				TARGETED_DEVICE_FAMILY = 1;
			};
			name = Debug;
		};
		7447B82521A6DD1C0007E18D /* Release */ = {
			isa = XCBuildConfiguration;
			buildSettings = {
				ASSETCATALOG_COMPILER_APPICON_NAME = AppIcon;
				CODE_SIGN_STYLE = Automatic;
				DEVELOPMENT_TEAM = VS8C66WWGF;
				INFOPLIST_FILE = Linfo/Info.plist;
				LD_RUNPATH_SEARCH_PATHS = (
					"$(inherited)",
					"@executable_path/Frameworks",
				);
				PRODUCT_BUNDLE_IDENTIFIER = Qlink.Linfo;
				PRODUCT_NAME = "$(TARGET_NAME)";
				SWIFT_VERSION = 4.2;
				TARGETED_DEVICE_FAMILY = 1;
			};
			name = Release;
		};
/* End XCBuildConfiguration section */

/* Begin XCConfigurationList section */
		7447B80C21A6DD1B0007E18D /* Build configuration list for PBXProject "Linfo" */ = {
			isa = XCConfigurationList;
			buildConfigurations = (
				7447B82121A6DD1C0007E18D /* Debug */,
				7447B82221A6DD1C0007E18D /* Release */,
			);
			defaultConfigurationIsVisible = 0;
			defaultConfigurationName = Release;
		};
		7447B82321A6DD1C0007E18D /* Build configuration list for PBXNativeTarget "Linfo" */ = {
			isa = XCConfigurationList;
			buildConfigurations = (
				7447B82421A6DD1C0007E18D /* Debug */,
				7447B82521A6DD1C0007E18D /* Release */,
			);
			defaultConfigurationIsVisible = 0;
			defaultConfigurationName = Release;
		};
/* End XCConfigurationList section */
	};
	rootObject = 7447B80921A6DD1B0007E18D /* Project object */;
}
